{
  "originHash" : "6890a4dfe13b4ab4eb65f1cd0f09c039b4775db92ea122273be1b69f03c2b640",
  "pins" : [
    {
      "identity" : "objcexceptioncatcher",
      "kind" : "remoteSourceControl",
      "location" : "https://github.com/codingiran/ObjCExceptionCatcher.git",
      "state" : {
        "revision" : "f9761d7abac8fc8a6f9f9a0022dcac27f6760ef9",
        "version" : "1.0.1"
      }
    }
  ],
  "version" : 3
}
