{
  "pins" : [
    {
      "identity" : "objcexceptioncatcher",
      "kind" : "remoteSourceControl",
      "location" : "https://github.com/codingiran/ObjCExceptionCatcher.git",
      "state" : {
        "revision" : "f9761d7abac8fc8a6f9f9a0022dcac27f6760ef9",
        "version" : "1.0.1"
      }
    }
  ],
  "version" : 2
}
